// !$*UTF8*$!
{
	archiveVersion = 1;
	classes = {
	};
	objectVersion = 56;
	objects = {

/* Begin PBXBuildFile section */
		5C090001290BF09F00C51007 /* Assets.xcassets in Resources */ = {isa = PBXBuildFile; fileRef = 5C090000290BF09F00C51007 /* Assets.xcassets */; };
		5C090004290BF09F00C51007 /* LaunchScreen.storyboard in Resources */ = {isa = PBXBuildFile; fileRef = 5C090002290BF09F00C51007 /* LaunchScreen.storyboard */; };
		5C09FFF8290BF09E00C51007 /* AppDelegate.swift in Sources */ = {isa = PBXBuildFile; fileRef = 5C09FFF7290BF09E00C51007 /* AppDelegate.swift */; };
		5C09FFFA290BF09E00C51007 /* art.scnassets in Resources */ = {isa = PBXBuildFile; fileRef = 5C09FFF9290BF09E00C51007 /* art.scnassets */; };
		5C09FFFC290BF09E00C51007 /* ARViewController.swift in Sources */ = {isa = PBXBuildFile; fileRef = 5C09FFFB290BF09E00C51007 /* ARViewController.swift */; };
		5C09FFFF290BF09E00C51007 /* Main.storyboard in Resources */ = {isa = PBXBuildFile; fileRef = 5C09FFFD290BF09E00C51007 /* Main.storyboard */; };
		5C465DB5291BCF0E00355B6D /* ModelSelectionViewController.swift in Sources */ = {isa = PBXBuildFile; fileRef = 5C465DB4291BCF0E00355B6D /* ModelSelectionViewController.swift */; };
		5C465DB7291BD13200355B6D /* Model.swift in Sources */ = {isa = PBXBuildFile; fileRef = 5C465DB6291BD13200355B6D /* Model.swift */; };
		5C465DBC291BD81D00355B6D /* ModelSelectionCollectionViewCell.swift in Sources */ = {isa = PBXBuildFile; fileRef = 5C465DBA291BD81D00355B6D /* ModelSelectionCollectionViewCell.swift */; };
/* End PBXBuildFile section */

/* Begin PBXFileReference section */
		5C090000290BF09F00C51007 /* Assets.xcassets */ = {isa = PBXFileReference; lastKnownFileType = folder.assetcatalog; path = Assets.xcassets; sourceTree = "<group>"; };
		5C090003290BF09F00C51007 /* Base */ = {isa = PBXFileReference; lastKnownFileType = file.storyboard; name = Base; path = Base.lproj/LaunchScreen.storyboard; sourceTree = "<group>"; };
		5C09FFF4290BF09E00C51007 /* TrivagoTGT22.app */ = {isa = PBXFileReference; explicitFileType = wrapper.application; includeInIndex = 0; path = TrivagoTGT22.app; sourceTree = BUILT_PRODUCTS_DIR; };
		5C09FFF7290BF09E00C51007 /* AppDelegate.swift */ = {isa = PBXFileReference; lastKnownFileType = sourcecode.swift; path = AppDelegate.swift; sourceTree = "<group>"; };
		5C09FFF9290BF09E00C51007 /* art.scnassets */ = {isa = PBXFileReference; lastKnownFileType = wrapper.scnassets; path = art.scnassets; sourceTree = "<group>"; };
		5C09FFFB290BF09E00C51007 /* ARViewController.swift */ = {isa = PBXFileReference; lastKnownFileType = sourcecode.swift; path = ARViewController.swift; sourceTree = "<group>"; };
		5C09FFFE290BF09E00C51007 /* Base */ = {isa = PBXFileReference; lastKnownFileType = file.storyboard; name = Base; path = Base.lproj/Main.storyboard; sourceTree = "<group>"; };
		5C465DB4291BCF0E00355B6D /* ModelSelectionViewController.swift */ = {isa = PBXFileReference; lastKnownFileType = sourcecode.swift; path = ModelSelectionViewController.swift; sourceTree = "<group>"; };
		5C465DB6291BD13200355B6D /* Model.swift */ = {isa = PBXFileReference; lastKnownFileType = sourcecode.swift; path = Model.swift; sourceTree = "<group>"; };
		5C465DBA291BD81D00355B6D /* ModelSelectionCollectionViewCell.swift */ = {isa = PBXFileReference; lastKnownFileType = sourcecode.swift; path = ModelSelectionCollectionViewCell.swift; sourceTree = "<group>"; };
		5C465DC129228E4000355B6D /* Info.plist */ = {isa = PBXFileReference; lastKnownFileType = text.plist; path = Info.plist; sourceTree = "<group>"; };
/* End PBXFileReference section */

/* Begin PBXFrameworksBuildPhase section */
		5C09FFF1290BF09E00C51007 /* Frameworks */ = {
			isa = PBXFrameworksBuildPhase;
			buildActionMask = 2147483647;
			files = (
			);
			runOnlyForDeploymentPostprocessing = 0;
		};
/* End PBXFrameworksBuildPhase section */

/* Begin PBXGroup section */
		5C09FFEB290BF09E00C51007 = {
			isa = PBXGroup;
			children = (
				5C09FFF6290BF09E00C51007 /* TrivagoTGT22 */,
				5C09FFF5290BF09E00C51007 /* Products */,
			);
			sourceTree = "<group>";
		};
		5C09FFF5290BF09E00C51007 /* Products */ = {
			isa = PBXGroup;
			children = (
				5C09FFF4290BF09E00C51007 /* TrivagoTGT22.app */,
			);
			name = Products;
			sourceTree = "<group>";
		};
		5C09FFF6290BF09E00C51007 /* TrivagoTGT22 */ = {
			isa = PBXGroup;
			children = (
				5C465DC129228E4000355B6D /* Info.plist */,
				5C09FFF7290BF09E00C51007 /* AppDelegate.swift */,
				5C465DBE291BD87000355B6D /* Model */,
				5C465DBF291BD87D00355B6D /* View */,
				5C465DC0291BD88C00355B6D /* Controller */,
			);
			path = TrivagoTGT22;
			sourceTree = "<group>";
		};
		5C465DBE291BD87000355B6D /* Model */ = {
			isa = PBXGroup;
			children = (
				5C465DB6291BD13200355B6D /* Model.swift */,
			);
			path = Model;
			sourceTree = "<group>";
		};
		5C465DBF291BD87D00355B6D /* View */ = {
			isa = PBXGroup;
			children = (
				5C465DBA291BD81D00355B6D /* ModelSelectionCollectionViewCell.swift */,
				5C09FFFD290BF09E00C51007 /* Main.storyboard */,
				5C090002290BF09F00C51007 /* LaunchScreen.storyboard */,
				5C090000290BF09F00C51007 /* Assets.xcassets */,
				5C09FFF9290BF09E00C51007 /* art.scnassets */,
			);
			path = View;
			sourceTree = "<group>";
		};
		5C465DC0291BD88C00355B6D /* Controller */ = {
			isa = PBXGroup;
			children = (
				5C09FFFB290BF09E00C51007 /* ARViewController.swift */,
				5C465DB4291BCF0E00355B6D /* ModelSelectionViewController.swift */,
			);
			path = Controller;
			sourceTree = "<group>";
		};
/* End PBXGroup section */

/* Begin PBXNativeTarget section */
		5C09FFF3290BF09E00C51007 /* TrivagoTGT22 */ = {
			isa = PBXNativeTarget;
			buildConfigurationList = 5C090007290BF09F00C51007 /* Build configuration list for PBXNativeTarget "TrivagoTGT22" */;
			buildPhases = (
				5C09FFF0290BF09E00C51007 /* Sources */,
				5C09FFF1290BF09E00C51007 /* Frameworks */,
				5C09FFF2290BF09E00C51007 /* Resources */,
			);
			buildRules = (
			);
			dependencies = (
			);
			name = TrivagoTGT22;
			productName = TrivagoTGT22;
			productReference = 5C09FFF4290BF09E00C51007 /* TrivagoTGT22.app */;
			productType = "com.apple.product-type.application";
		};
/* End PBXNativeTarget section */

/* Begin PBXProject section */
		5C09FFEC290BF09E00C51007 /* Project object */ = {
			isa = PBXProject;
			attributes = {
				BuildIndependentTargetsInParallel = 1;
				LastSwiftUpdateCheck = 1400;
				LastUpgradeCheck = 1400;
				TargetAttributes = {
					5C09FFF3290BF09E00C51007 = {
						CreatedOnToolsVersion = 14.0.1;
					};
				};
			};
			buildConfigurationList = 5C09FFEF290BF09E00C51007 /* Build configuration list for PBXProject "TrivagoTGT22" */;
			compatibilityVersion = "Xcode 14.0";
			developmentRegion = en;
			hasScannedForEncodings = 0;
			knownRegions = (
				en,
				Base,
			);
			mainGroup = 5C09FFEB290BF09E00C51007;
			productRefGroup = 5C09FFF5290BF09E00C51007 /* Products */;
			projectDirPath = "";
			projectRoot = "";
			targets = (
				5C09FFF3290BF09E00C51007 /* TrivagoTGT22 */,
			);
		};
/* End PBXProject section */

/* Begin PBXResourcesBuildPhase section */
		5C09FFF2290BF09E00C51007 /* Resources */ = {
			isa = PBXResourcesBuildPhase;
			buildActionMask = 2147483647;
			files = (
				5C09FFFA290BF09E00C51007 /* art.scnassets in Resources */,
				5C090004290BF09F00C51007 /* LaunchScreen.storyboard in Resources */,
				5C090001290BF09F00C51007 /* Assets.xcassets in Resources */,
				5C09FFFF290BF09E00C51007 /* Main.storyboard in Resources */,
			);
			runOnlyForDeploymentPostprocessing = 0;
		};
/* End PBXResourcesBuildPhase section */

/* Begin PBXSourcesBuildPhase section */
		5C09FFF0290BF09E00C51007 /* Sources */ = {
			isa = PBXSourcesBuildPhase;
			buildActionMask = 2147483647;
			files = (
				5C09FFFC290BF09E00C51007 /* ARViewController.swift in Sources */,
				5C465DB5291BCF0E00355B6D /* ModelSelectionViewController.swift in Sources */,
				5C465DBC291BD81D00355B6D /* ModelSelectionCollectionViewCell.swift in Sources */,
				5C09FFF8290BF09E00C51007 /* AppDelegate.swift in Sources */,
				5C465DB7291BD13200355B6D /* Model.swift in Sources */,
			);
			runOnlyForDeploymentPostprocessing = 0;
		};
/* End PBXSourcesBuildPhase section */

/* Begin PBXVariantGroup section */
		5C090002290BF09F00C51007 /* LaunchScreen.storyboard */ = {
			isa = PBXVariantGroup;
			children = (
				5C090003290BF09F00C51007 /* Base */,
			);
			name = LaunchScreen.storyboard;
			sourceTree = "<group>";
		};
		5C09FFFD290BF09E00C51007 /* Main.storyboard */ = {
			isa = PBXVariantGroup;
			children = (
				5C09FFFE290BF09E00C51007 /* Base */,
			);
			name = Main.storyboard;
			sourceTree = "<group>";
		};
/* End PBXVariantGroup section */

/* Begin XCBuildConfiguration section */
		5C090005290BF09F00C51007 /* Debug */ = {
			isa = XCBuildConfiguration;
			buildSettings = {
				ALWAYS_SEARCH_USER_PATHS = NO;
				CLANG_ANALYZER_NONNULL = YES;
				CLANG_ANALYZER_NUMBER_OBJECT_CONVERSION = YES_AGGRESSIVE;
				CLANG_CXX_LANGUAGE_STANDARD = "gnu++20";
				CLANG_ENABLE_MODULES = YES;
				CLANG_ENABLE_OBJC_ARC = YES;
				CLANG_ENABLE_OBJC_WEAK = YES;
				CLANG_WARN_BLOCK_CAPTURE_AUTORELEASING = YES;
				CLANG_WARN_BOOL_CONVERSION = YES;
				CLANG_WARN_COMMA = YES;
				CLANG_WARN_CONSTANT_CONVERSION = YES;
				CLANG_WARN_DEPRECATED_OBJC_IMPLEMENTATIONS = YES;
				CLANG_WARN_DIRECT_OBJC_ISA_USAGE = YES_ERROR;
				CLANG_WARN_DOCUMENTATION_COMMENTS = YES;
				CLANG_WARN_EMPTY_BODY = YES;
				CLANG_WARN_ENUM_CONVERSION = YES;
				CLANG_WARN_INFINITE_RECURSION = YES;
				CLANG_WARN_INT_CONVERSION = YES;
				CLANG_WARN_NON_LITERAL_NULL_CONVERSION = YES;
				CLANG_WARN_OBJC_IMPLICIT_RETAIN_SELF = YES;
				CLANG_WARN_OBJC_LITERAL_CONVERSION = YES;
				CLANG_WARN_OBJC_ROOT_CLASS = YES_ERROR;
				CLANG_WARN_QUOTED_INCLUDE_IN_FRAMEWORK_HEADER = YES;
				CLANG_WARN_RANGE_LOOP_ANALYSIS = YES;
				CLANG_WARN_STRICT_PROTOTYPES = YES;
				CLANG_WARN_SUSPICIOUS_MOVE = YES;
				CLANG_WARN_UNGUARDED_AVAILABILITY = YES_AGGRESSIVE;
				CLANG_WARN_UNREACHABLE_CODE = YES;
				CLANG_WARN__DUPLICATE_METHOD_MATCH = YES;
				COPY_PHASE_STRIP = NO;
				DEBUG_INFORMATION_FORMAT = dwarf;
				ENABLE_STRICT_OBJC_MSGSEND = YES;
				ENABLE_TESTABILITY = YES;
				GCC_C_LANGUAGE_STANDARD = gnu11;
				GCC_DYNAMIC_NO_PIC = NO;
				GCC_NO_COMMON_BLOCKS = YES;
				GCC_OPTIMIZATION_LEVEL = 0;
				GCC_PREPROCESSOR_DEFINITIONS = (
					"DEBUG=1",
					"$(inherited)",
				);
				GCC_WARN_64_TO_32_BIT_CONVERSION = YES;
				GCC_WARN_ABOUT_RETURN_TYPE = YES_ERROR;
				GCC_WARN_UNDECLARED_SELECTOR = YES;
				GCC_WARN_UNINITIALIZED_AUTOS = YES_AGGRESSIVE;
				GCC_WARN_UNUSED_FUNCTION = YES;
				GCC_WARN_UNUSED_VARIABLE = YES;
				IPHONEOS_DEPLOYMENT_TARGET = 16.0;
				MTL_ENABLE_DEBUG_INFO = INCLUDE_SOURCE;
				MTL_FAST_MATH = YES;
				ONLY_ACTIVE_ARCH = YES;
				SDKROOT = iphoneos;
				SWIFT_ACTIVE_COMPILATION_CONDITIONS = DEBUG;
				SWIFT_OPTIMIZATION_LEVEL = "-Onone";
			};
			name = Debug;
		};
		5C090006290BF09F00C51007 /* Release */ = {
			isa = XCBuildConfiguration;
			buildSettings = {
				ALWAYS_SEARCH_USER_PATHS = NO;
				CLANG_ANALYZER_NONNULL = YES;
				CLANG_ANALYZER_NUMBER_OBJECT_CONVERSION = YES_AGGRESSIVE;
				CLANG_CXX_LANGUAGE_STANDARD = "gnu++20";
				CLANG_ENABLE_MODULES = YES;
				CLANG_ENABLE_OBJC_ARC = YES;
				CLANG_ENABLE_OBJC_WEAK = YES;
				CLANG_WARN_BLOCK_CAPTURE_AUTORELEASING = YES;
				CLANG_WARN_BOOL_CONVERSION = YES;
				CLANG_WARN_COMMA = YES;
				CLANG_WARN_CONSTANT_CONVERSION = YES;
				CLANG_WARN_DEPRECATED_OBJC_IMPLEMENTATIONS = YES;
				CLANG_WARN_DIRECT_OBJC_ISA_USAGE = YES_ERROR;
				CLANG_WARN_DOCUMENTATION_COMMENTS = YES;
				CLANG_WARN_EMPTY_BODY = YES;
				CLANG_WARN_ENUM_CONVERSION = YES;
				CLANG_WARN_INFINITE_RECURSION = YES;
				CLANG_WARN_INT_CONVERSION = YES;
				CLANG_WARN_NON_LITERAL_NULL_CONVERSION = YES;
				CLANG_WARN_OBJC_IMPLICIT_RETAIN_SELF = YES;
				CLANG_WARN_OBJC_LITERAL_CONVERSION = YES;
				CLANG_WARN_OBJC_ROOT_CLASS = YES_ERROR;
				CLANG_WARN_QUOTED_INCLUDE_IN_FRAMEWORK_HEADER = YES;
				CLANG_WARN_RANGE_LOOP_ANALYSIS = YES;
				CLANG_WARN_STRICT_PROTOTYPES = YES;
				CLANG_WARN_SUSPICIOUS_MOVE = YES;
				CLANG_WARN_UNGUARDED_AVAILABILITY = YES_AGGRESSIVE;
				CLANG_WARN_UNREACHABLE_CODE = YES;
				CLANG_WARN__DUPLICATE_METHOD_MATCH = YES;
				COPY_PHASE_STRIP = NO;
				DEBUG_INFORMATION_FORMAT = "dwarf-with-dsym";
				ENABLE_NS_ASSERTIONS = NO;
				ENABLE_STRICT_OBJC_MSGSEND = YES;
				GCC_C_LANGUAGE_STANDARD = gnu11;
				GCC_NO_COMMON_BLOCKS = YES;
				GCC_WARN_64_TO_32_BIT_CONVERSION = YES;
				GCC_WARN_ABOUT_RETURN_TYPE = YES_ERROR;
				GCC_WARN_UNDECLARED_SELECTOR = YES;
				GCC_WARN_UNINITIALIZED_AUTOS = YES_AGGRESSIVE;
				GCC_WARN_UNUSED_FUNCTION = YES;
				GCC_WARN_UNUSED_VARIABLE = YES;
				IPHONEOS_DEPLOYMENT_TARGET = 16.0;
				MTL_ENABLE_DEBUG_INFO = NO;
				MTL_FAST_MATH = YES;
				SDKROOT = iphoneos;
				SWIFT_COMPILATION_MODE = wholemodule;
				SWIFT_OPTIMIZATION_LEVEL = "-O";
				VALIDATE_PRODUCT = YES;
			};
			name = Release;
		};
		5C090008290BF09F00C51007 /* Debug */ = {
			isa = XCBuildConfiguration;
			buildSettings = {
				ASSETCATALOG_COMPILER_APPICON_NAME = AppIcon;
				ASSETCATALOG_COMPILER_GLOBAL_ACCENT_COLOR_NAME = AccentColor;
				CODE_SIGN_STYLE = Automatic;
				CURRENT_PROJECT_VERSION = 1;
				DEVELOPMENT_TEAM = 69U444WU64;
				GENERATE_INFOPLIST_FILE = YES;
				INFOPLIST_FILE = TrivagoTGT22/Info.plist;
				INFOPLIST_KEY_NSCameraUsageDescription = "Camera is required for Augmented Reality Functionality";
				INFOPLIST_KEY_NSPhotoLibraryAddUsageDescription = "Access to photo library is required to save photos of your augmented reality world";
				INFOPLIST_KEY_UIApplicationSupportsIndirectInputEvents = YES;
				INFOPLIST_KEY_UILaunchStoryboardName = LaunchScreen;
				INFOPLIST_KEY_UIMainStoryboardFile = Main;
				INFOPLIST_KEY_UIRequiredDeviceCapabilities = arkit;
				INFOPLIST_KEY_UIStatusBarHidden = YES;
				INFOPLIST_KEY_UISupportedInterfaceOrientations_iPad = "UIInterfaceOrientationPortrait UIInterfaceOrientationPortraitUpsideDown UIInterfaceOrientationLandscapeLeft UIInterfaceOrientationLandscapeRight";
				INFOPLIST_KEY_UISupportedInterfaceOrientations_iPhone = "UIInterfaceOrientationPortrait UIInterfaceOrientationLandscapeLeft UIInterfaceOrientationLandscapeRight";
				LD_RUNPATH_SEARCH_PATHS = (
					"$(inherited)",
					"@executable_path/Frameworks",
				);
				MARKETING_VERSION = 1.0;
				PRODUCT_BUNDLE_IDENTIFIER = com.trivago.tgt;
				PRODUCT_NAME = "$(TARGET_NAME)";
				SWIFT_EMIT_LOC_STRINGS = YES;
				SWIFT_VERSION = 5.0;
				TARGETED_DEVICE_FAMILY = "1,2";
			};
			name = Debug;
		};
		5C090009290BF09F00C51007 /* Release */ = {
			isa = XCBuildConfiguration;
			buildSettings = {
				ASSETCATALOG_COMPILER_APPICON_NAME = AppIcon;
				ASSETCATALOG_COMPILER_GLOBAL_ACCENT_COLOR_NAME = AccentColor;
				CODE_SIGN_STYLE = Automatic;
				CURRENT_PROJECT_VERSION = 1;
				DEVELOPMENT_TEAM = 69U444WU64;
				GENERATE_INFOPLIST_FILE = YES;
				INFOPLIST_FILE = TrivagoTGT22/Info.plist;
				INFOPLIST_KEY_NSCameraUsageDescription = "Camera is required for Augmented Reality Functionality";
				INFOPLIST_KEY_NSPhotoLibraryAddUsageDescription = "Access to photo library is required to save photos of your augmented reality world";
				INFOPLIST_KEY_UIApplicationSupportsIndirectInputEvents = YES;
				INFOPLIST_KEY_UILaunchStoryboardName = LaunchScreen;
				INFOPLIST_KEY_UIMainStoryboardFile = Main;
				INFOPLIST_KEY_UIRequiredDeviceCapabilities = arkit;
				INFOPLIST_KEY_UIStatusBarHidden = YES;
				INFOPLIST_KEY_UISupportedInterfaceOrientations_iPad = "UIInterfaceOrientationPortrait UIInterfaceOrientationPortraitUpsideDown UIInterfaceOrientationLandscapeLeft UIInterfaceOrientationLandscapeRight";
				INFOPLIST_KEY_UISupportedInterfaceOrientations_iPhone = "UIInterfaceOrientationPortrait UIInterfaceOrientationLandscapeLeft UIInterfaceOrientationLandscapeRight";
				LD_RUNPATH_SEARCH_PATHS = (
					"$(inherited)",
					"@executable_path/Frameworks",
				);
				MARKETING_VERSION = 1.0;
				PRODUCT_BUNDLE_IDENTIFIER = com.trivago.tgt;
				PRODUCT_NAME = "$(TARGET_NAME)";
				SWIFT_EMIT_LOC_STRINGS = YES;
				SWIFT_VERSION = 5.0;
				TARGETED_DEVICE_FAMILY = "1,2";
			};
			name = Release;
		};
/* End XCBuildConfiguration section */

/* Begin XCConfigurationList section */
		5C090007290BF09F00C51007 /* Build configuration list for PBXNativeTarget "TrivagoTGT22" */ = {
			isa = XCConfigurationList;
			buildConfigurations = (
				5C090008290BF09F00C51007 /* Debug */,
				5C090009290BF09F00C51007 /* Release */,
			);
			defaultConfigurationIsVisible = 0;
			defaultConfigurationName = Release;
		};
		5C09FFEF290BF09E00C51007 /* Build configuration list for PBXProject "TrivagoTGT22" */ = {
			isa = XCConfigurationList;
			buildConfigurations = (
				5C090005290BF09F00C51007 /* Debug */,
				5C090006290BF09F00C51007 /* Release */,
			);
			defaultConfigurationIsVisible = 0;
			defaultConfigurationName = Release;
		};
/* End XCConfigurationList section */
	};
	rootObject = 5C09FFEC290BF09E00C51007 /* Project object */;
}
